
Microsoft Visual Studio Solution File, Format Version 12.00
# Visual Studio 2012
Project("{FAE04EC0-301F-11D3-BF4B-00C04F79EFBC}") = "SitecoreHtmlCrawler", "SitecoreHtmlCrawler\SitecoreHtmlCrawler.csproj", "{B7FCB79B-52FE-4173-BD2F-1F65FABA3581}"
EndProject
Global
	GlobalSection(SolutionConfigurationPlatforms) = preSolution
		Debug|Any CPU = Debug|Any CPU
		Release|Any CPU = Release|Any CPU
	EndGlobalSection
	GlobalSection(ProjectConfigurationPlatforms) = postSolution
		{B7FCB79B-52FE-4173-BD2F-1F65FABA3581}.Debug|Any CPU.ActiveCfg = Debug|Any CPU
		{B7FCB79B-52FE-4173-BD2F-1F65FABA3581}.Debug|Any CPU.Build.0 = Debug|Any CPU
		{B7FCB79B-52FE-4173-BD2F-1F65FABA3581}.Release|Any CPU.ActiveCfg = Release|Any CPU
		{B7FCB79B-52FE-4173-BD2F-1F65FABA3581}.Release|Any CPU.Build.0 = Release|Any CPU
	EndGlobalSection
	GlobalSection(SolutionProperties) = preSolution
		HideSolutionNode = FALSE
	EndGlobalSection
EndGlobal
